
Microsoft Visual Studio Solution File, Format Version 12.00
# Visual Studio 14
VisualStudioVersion = 14.0.22310.1
MinimumVisualStudioVersion = 10.0.40219.1
Project("{8BC9CEB8-8B4A-11D0-8D11-00A0C91BC942}") = "picond", "picond\picond.vcxproj", "{23AE7BB7-438E-4605-B6CA-CAD169C10BBE}"
EndProject
Global
	GlobalSection(SolutionConfigurationPlatforms) = preSolution
		Debug|Win32 = Debug|Win32
		Release|Win32 = Release|Win32
	EndGlobalSection
	GlobalSection(ProjectConfigurationPlatforms) = postSolution
		{23AE7BB7-438E-4605-B6CA-CAD169C10BBE}.Debug|Win32.ActiveCfg = Debug|Win32
		{23AE7BB7-438E-4605-B6CA-CAD169C10BBE}.Debug|Win32.Build.0 = Debug|Win32
		{23AE7BB7-438E-4605-B6CA-CAD169C10BBE}.Release|Win32.ActiveCfg = Release|Win32
		{23AE7BB7-438E-4605-B6CA-CAD169C10BBE}.Release|Win32.Build.0 = Release|Win32
	EndGlobalSection
	GlobalSection(SolutionProperties) = preSolution
		HideSolutionNode = FALSE
	EndGlobalSection
EndGlobal
